
Microsoft Visual Studio Solution File, Format Version 12.00
# Visual Studio Version 17
VisualStudioVersion = 17.9.34728.123
MinimumVisualStudioVersion = 10.0.40219.1
Project("{9A19103F-16F7-4668-BE54-9A1E7A4F7556}") = "MergeAzureData.Module", "MergeAzureData.Module\MergeAzureData.Module.csproj", "{87EE5032-00CE-4B40-B839-369F0C2CD399}"
EndProject
Project("{9A19103F-16F7-4668-BE54-9A1E7A4F7556}") = "MergeAzureData.Win", "MergeAzureData.Win\MergeAzureData.Win.csproj", "{8AB895E2-F3E3-4CCF-B932-54ADCC6AF97A}"
EndProject
Project("{9A19103F-16F7-4668-BE54-9A1E7A4F7556}") = "MergeAzureData.Blazor.Server", "MergeAzureData.Blazor.Server\MergeAzureData.Blazor.Server.csproj", "{BF36DE26-A510-4858-B9B6-18387DCEC083}"
EndProject
Global
	GlobalSection(SolutionConfigurationPlatforms) = preSolution
		Debug|Any CPU = Debug|Any CPU
		EasyTest|Any CPU = EasyTest|Any CPU
		Release|Any CPU = Release|Any CPU
	EndGlobalSection
	GlobalSection(ProjectConfigurationPlatforms) = postSolution
		{87EE5032-00CE-4B40-B839-369F0C2CD399}.Debug|Any CPU.ActiveCfg = Debug|Any CPU
		{87EE5032-00CE-4B40-B839-369F0C2CD399}.Debug|Any CPU.Build.0 = Debug|Any CPU
		{87EE5032-00CE-4B40-B839-369F0C2CD399}.EasyTest|Any CPU.ActiveCfg = EasyTest|Any CPU
		{87EE5032-00CE-4B40-B839-369F0C2CD399}.EasyTest|Any CPU.Build.0 = EasyTest|Any CPU
		{87EE5032-00CE-4B40-B839-369F0C2CD399}.Release|Any CPU.ActiveCfg = Release|Any CPU
		{87EE5032-00CE-4B40-B839-369F0C2CD399}.Release|Any CPU.Build.0 = Release|Any CPU
		{8AB895E2-F3E3-4CCF-B932-54ADCC6AF97A}.Debug|Any CPU.ActiveCfg = Debug|Any CPU
		{8AB895E2-F3E3-4CCF-B932-54ADCC6AF97A}.Debug|Any CPU.Build.0 = Debug|Any CPU
		{8AB895E2-F3E3-4CCF-B932-54ADCC6AF97A}.EasyTest|Any CPU.ActiveCfg = EasyTest|Any CPU
		{8AB895E2-F3E3-4CCF-B932-54ADCC6AF97A}.EasyTest|Any CPU.Build.0 = EasyTest|Any CPU
		{8AB895E2-F3E3-4CCF-B932-54ADCC6AF97A}.Release|Any CPU.ActiveCfg = Release|Any CPU
		{8AB895E2-F3E3-4CCF-B932-54ADCC6AF97A}.Release|Any CPU.Build.0 = Release|Any CPU
		{BF36DE26-A510-4858-B9B6-18387DCEC083}.Debug|Any CPU.ActiveCfg = Debug|Any CPU
		{BF36DE26-A510-4858-B9B6-18387DCEC083}.Debug|Any CPU.Build.0 = Debug|Any CPU
		{BF36DE26-A510-4858-B9B6-18387DCEC083}.EasyTest|Any CPU.ActiveCfg = EasyTest|Any CPU
		{BF36DE26-A510-4858-B9B6-18387DCEC083}.EasyTest|Any CPU.Build.0 = EasyTest|Any CPU
		{BF36DE26-A510-4858-B9B6-18387DCEC083}.Release|Any CPU.ActiveCfg = Release|Any CPU
		{BF36DE26-A510-4858-B9B6-18387DCEC083}.Release|Any CPU.Build.0 = Release|Any CPU
	EndGlobalSection
	GlobalSection(SolutionProperties) = preSolution
		HideSolutionNode = FALSE
	EndGlobalSection
	GlobalSection(ExtensibilityGlobals) = postSolution
		SolutionGuid = {EDC3EFA9-DB35-45BE-B2F5-AFE0234BF7D0}
	EndGlobalSection
EndGlobal
